// !$*UTF8*$!
{
	archiveVersion = 1;
	classes = {
	};
	objectVersion = 50;
	objects = {

/* Begin PBXBuildFile section */
		3637D86224CC767400B34D73 /* JMForm.framework in Frameworks */ = {isa = PBXBuildFile; fileRef = 3637D85E24CC74F000B34D73 /* JMForm.framework */; };
		3637D86324CC767400B34D73 /* JMForm.framework in Embed Frameworks */ = {isa = PBXBuildFile; fileRef = 3637D85E24CC74F000B34D73 /* JMForm.framework */; settings = {ATTRIBUTES = (CodeSignOnCopy, RemoveHeadersOnCopy, ); }; };
		36CC7FDB24CC73F50041CD5B /* AppDelegate.swift in Sources */ = {isa = PBXBuildFile; fileRef = 36CC7FDA24CC73F50041CD5B /* AppDelegate.swift */; };
		36CC7FDF24CC73F60041CD5B /* ExampleViewController.swift in Sources */ = {isa = PBXBuildFile; fileRef = 36CC7FDE24CC73F60041CD5B /* ExampleViewController.swift */; };
		36CC7FE424CC73F70041CD5B /* Assets.xcassets in Resources */ = {isa = PBXBuildFile; fileRef = 36CC7FE324CC73F70041CD5B /* Assets.xcassets */; };
		36CC7FE724CC73F70041CD5B /* LaunchScreen.storyboard in Resources */ = {isa = PBXBuildFile; fileRef = 36CC7FE524CC73F70041CD5B /* LaunchScreen.storyboard */; };
		36CC7FF224CC73F70041CD5B /* JMFormsTests.swift in Sources */ = {isa = PBXBuildFile; fileRef = 36CC7FF124CC73F70041CD5B /* JMFormsTests.swift */; };
/* End PBXBuildFile section */

/* Begin PBXContainerItemProxy section */
		3637D85D24CC74F000B34D73 /* PBXContainerItemProxy */ = {
			isa = PBXContainerItemProxy;
			containerPortal = 3637D85824CC74F000B34D73 /* JMForm.xcodeproj */;
			proxyType = 2;
			remoteGlobalIDString = 366F5D4F24C05ABE00F09D8F;
			remoteInfo = JMForm;
		};
		3637D85F24CC74F000B34D73 /* PBXContainerItemProxy */ = {
			isa = PBXContainerItemProxy;
			containerPortal = 3637D85824CC74F000B34D73 /* JMForm.xcodeproj */;
			proxyType = 2;
			remoteGlobalIDString = 366F5D5824C05ABE00F09D8F;
			remoteInfo = JMFormTests;
		};
		36CC7FEE24CC73F70041CD5B /* PBXContainerItemProxy */ = {
			isa = PBXContainerItemProxy;
			containerPortal = 36CC7FCF24CC73F50041CD5B /* Project object */;
			proxyType = 1;
			remoteGlobalIDString = 36CC7FD624CC73F50041CD5B;
			remoteInfo = JMForms;
		};
/* End PBXContainerItemProxy section */

/* Begin PBXCopyFilesBuildPhase section */
		3637D86424CC767400B34D73 /* Embed Frameworks */ = {
			isa = PBXCopyFilesBuildPhase;
			buildActionMask = 2147483647;
			dstPath = "";
			dstSubfolderSpec = 10;
			files = (
				3637D86324CC767400B34D73 /* JMForm.framework in Embed Frameworks */,
			);
			name = "Embed Frameworks";
			runOnlyForDeploymentPostprocessing = 0;
		};
/* End PBXCopyFilesBuildPhase section */

/* Begin PBXFileReference section */
		3637D85824CC74F000B34D73 /* JMForm.xcodeproj */ = {isa = PBXFileReference; lastKnownFileType = "wrapper.pb-project"; name = JMForm.xcodeproj; path = JMForm/JMForm.xcodeproj; sourceTree = "<group>"; };
		36CC7FD724CC73F50041CD5B /* JMForms.app */ = {isa = PBXFileReference; explicitFileType = wrapper.application; includeInIndex = 0; path = JMForms.app; sourceTree = BUILT_PRODUCTS_DIR; };
		36CC7FDA24CC73F50041CD5B /* AppDelegate.swift */ = {isa = PBXFileReference; lastKnownFileType = sourcecode.swift; path = AppDelegate.swift; sourceTree = "<group>"; };
		36CC7FDE24CC73F60041CD5B /* ExampleViewController.swift */ = {isa = PBXFileReference; lastKnownFileType = sourcecode.swift; path = ExampleViewController.swift; sourceTree = "<group>"; };
		36CC7FE324CC73F70041CD5B /* Assets.xcassets */ = {isa = PBXFileReference; lastKnownFileType = folder.assetcatalog; path = Assets.xcassets; sourceTree = "<group>"; };
		36CC7FE624CC73F70041CD5B /* Base */ = {isa = PBXFileReference; lastKnownFileType = file.storyboard; name = Base; path = Base.lproj/LaunchScreen.storyboard; sourceTree = "<group>"; };
		36CC7FE824CC73F70041CD5B /* Info.plist */ = {isa = PBXFileReference; lastKnownFileType = text.plist.xml; path = Info.plist; sourceTree = "<group>"; };
		36CC7FED24CC73F70041CD5B /* JMFormsTests.xctest */ = {isa = PBXFileReference; explicitFileType = wrapper.cfbundle; includeInIndex = 0; path = JMFormsTests.xctest; sourceTree = BUILT_PRODUCTS_DIR; };
		36CC7FF124CC73F70041CD5B /* JMFormsTests.swift */ = {isa = PBXFileReference; lastKnownFileType = sourcecode.swift; path = JMFormsTests.swift; sourceTree = "<group>"; };
		36CC7FF324CC73F70041CD5B /* Info.plist */ = {isa = PBXFileReference; lastKnownFileType = text.plist.xml; path = Info.plist; sourceTree = "<group>"; };
/* End PBXFileReference section */

/* Begin PBXFrameworksBuildPhase section */
		36CC7FD424CC73F50041CD5B /* Frameworks */ = {
			isa = PBXFrameworksBuildPhase;
			buildActionMask = 2147483647;
			files = (
				3637D86224CC767400B34D73 /* JMForm.framework in Frameworks */,
			);
			runOnlyForDeploymentPostprocessing = 0;
		};
		36CC7FEA24CC73F70041CD5B /* Frameworks */ = {
			isa = PBXFrameworksBuildPhase;
			buildActionMask = 2147483647;
			files = (
			);
			runOnlyForDeploymentPostprocessing = 0;
		};
/* End PBXFrameworksBuildPhase section */

/* Begin PBXGroup section */
		3637D85924CC74F000B34D73 /* Products */ = {
			isa = PBXGroup;
			children = (
				3637D85E24CC74F000B34D73 /* JMForm.framework */,
				3637D86024CC74F000B34D73 /* JMFormTests.xctest */,
			);
			name = Products;
			sourceTree = "<group>";
		};
		3637D86124CC767400B34D73 /* Frameworks */ = {
			isa = PBXGroup;
			children = (
			);
			name = Frameworks;
			sourceTree = "<group>";
		};
		36CC7FCE24CC73F50041CD5B = {
			isa = PBXGroup;
			children = (
				3637D85824CC74F000B34D73 /* JMForm.xcodeproj */,
				36CC7FD924CC73F50041CD5B /* JMForms */,
				36CC7FF024CC73F70041CD5B /* JMFormsTests */,
				36CC7FD824CC73F50041CD5B /* Products */,
				3637D86124CC767400B34D73 /* Frameworks */,
			);
			sourceTree = "<group>";
		};
		36CC7FD824CC73F50041CD5B /* Products */ = {
			isa = PBXGroup;
			children = (
				36CC7FD724CC73F50041CD5B /* JMForms.app */,
				36CC7FED24CC73F70041CD5B /* JMFormsTests.xctest */,
			);
			name = Products;
			sourceTree = "<group>";
		};
		36CC7FD924CC73F50041CD5B /* JMForms */ = {
			isa = PBXGroup;
			children = (
				36CC7FDA24CC73F50041CD5B /* AppDelegate.swift */,
				36CC7FDE24CC73F60041CD5B /* ExampleViewController.swift */,
				36CC7FE324CC73F70041CD5B /* Assets.xcassets */,
				36CC7FE524CC73F70041CD5B /* LaunchScreen.storyboard */,
				36CC7FE824CC73F70041CD5B /* Info.plist */,
			);
			path = JMForms;
			sourceTree = "<group>";
		};
		36CC7FF024CC73F70041CD5B /* JMFormsTests */ = {
			isa = PBXGroup;
			children = (
				36CC7FF124CC73F70041CD5B /* JMFormsTests.swift */,
				36CC7FF324CC73F70041CD5B /* Info.plist */,
			);
			path = JMFormsTests;
			sourceTree = "<group>";
		};
/* End PBXGroup section */

/* Begin PBXNativeTarget section */
		36CC7FD624CC73F50041CD5B /* JMForms */ = {
			isa = PBXNativeTarget;
			buildConfigurationList = 36CC7FF624CC73F70041CD5B /* Build configuration list for PBXNativeTarget "JMForms" */;
			buildPhases = (
				36CC7FD324CC73F50041CD5B /* Sources */,
				36CC7FD424CC73F50041CD5B /* Frameworks */,
				36CC7FD524CC73F50041CD5B /* Resources */,
				3637D86424CC767400B34D73 /* Embed Frameworks */,
			);
			buildRules = (
			);
			dependencies = (
			);
			name = JMForms;
			productName = JMForms;
			productReference = 36CC7FD724CC73F50041CD5B /* JMForms.app */;
			productType = "com.apple.product-type.application";
		};
		36CC7FEC24CC73F70041CD5B /* JMFormsTests */ = {
			isa = PBXNativeTarget;
			buildConfigurationList = 36CC7FF924CC73F70041CD5B /* Build configuration list for PBXNativeTarget "JMFormsTests" */;
			buildPhases = (
				36CC7FE924CC73F70041CD5B /* Sources */,
				36CC7FEA24CC73F70041CD5B /* Frameworks */,
				36CC7FEB24CC73F70041CD5B /* Resources */,
			);
			buildRules = (
			);
			dependencies = (
				36CC7FEF24CC73F70041CD5B /* PBXTargetDependency */,
			);
			name = JMFormsTests;
			productName = JMFormsTests;
			productReference = 36CC7FED24CC73F70041CD5B /* JMFormsTests.xctest */;
			productType = "com.apple.product-type.bundle.unit-test";
		};
/* End PBXNativeTarget section */

/* Begin PBXProject section */
		36CC7FCF24CC73F50041CD5B /* Project object */ = {
			isa = PBXProject;
			attributes = {
				LastSwiftUpdateCheck = 1160;
				LastUpgradeCheck = 1160;
				ORGANIZATIONNAME = "Codement Aps";
				TargetAttributes = {
					36CC7FD624CC73F50041CD5B = {
						CreatedOnToolsVersion = 11.6;
					};
					36CC7FEC24CC73F70041CD5B = {
						CreatedOnToolsVersion = 11.6;
						TestTargetID = 36CC7FD624CC73F50041CD5B;
					};
				};
			};
			buildConfigurationList = 36CC7FD224CC73F50041CD5B /* Build configuration list for PBXProject "JMForms" */;
			compatibilityVersion = "Xcode 9.3";
			developmentRegion = en;
			hasScannedForEncodings = 0;
			knownRegions = (
				en,
				Base,
			);
			mainGroup = 36CC7FCE24CC73F50041CD5B;
			productRefGroup = 36CC7FD824CC73F50041CD5B /* Products */;
			projectDirPath = "";
			projectReferences = (
				{
					ProductGroup = 3637D85924CC74F000B34D73 /* Products */;
					ProjectRef = 3637D85824CC74F000B34D73 /* JMForm.xcodeproj */;
				},
			);
			projectRoot = "";
			targets = (
				36CC7FD624CC73F50041CD5B /* JMForms */,
				36CC7FEC24CC73F70041CD5B /* JMFormsTests */,
			);
		};
/* End PBXProject section */

/* Begin PBXReferenceProxy section */
		3637D85E24CC74F000B34D73 /* JMForm.framework */ = {
			isa = PBXReferenceProxy;
			fileType = wrapper.framework;
			path = JMForm.framework;
			remoteRef = 3637D85D24CC74F000B34D73 /* PBXContainerItemProxy */;
			sourceTree = BUILT_PRODUCTS_DIR;
		};
		3637D86024CC74F000B34D73 /* JMFormTests.xctest */ = {
			isa = PBXReferenceProxy;
			fileType = wrapper.cfbundle;
			path = JMFormTests.xctest;
			remoteRef = 3637D85F24CC74F000B34D73 /* PBXContainerItemProxy */;
			sourceTree = BUILT_PRODUCTS_DIR;
		};
/* End PBXReferenceProxy section */

/* Begin PBXResourcesBuildPhase section */
		36CC7FD524CC73F50041CD5B /* Resources */ = {
			isa = PBXResourcesBuildPhase;
			buildActionMask = 2147483647;
			files = (
				36CC7FE724CC73F70041CD5B /* LaunchScreen.storyboard in Resources */,
				36CC7FE424CC73F70041CD5B /* Assets.xcassets in Resources */,
			);
			runOnlyForDeploymentPostprocessing = 0;
		};
		36CC7FEB24CC73F70041CD5B /* Resources */ = {
			isa = PBXResourcesBuildPhase;
			buildActionMask = 2147483647;
			files = (
			);
			runOnlyForDeploymentPostprocessing = 0;
		};
/* End PBXResourcesBuildPhase section */

/* Begin PBXSourcesBuildPhase section */
		36CC7FD324CC73F50041CD5B /* Sources */ = {
			isa = PBXSourcesBuildPhase;
			buildActionMask = 2147483647;
			files = (
				36CC7FDF24CC73F60041CD5B /* ExampleViewController.swift in Sources */,
				36CC7FDB24CC73F50041CD5B /* AppDelegate.swift in Sources */,
			);
			runOnlyForDeploymentPostprocessing = 0;
		};
		36CC7FE924CC73F70041CD5B /* Sources */ = {
			isa = PBXSourcesBuildPhase;
			buildActionMask = 2147483647;
			files = (
				36CC7FF224CC73F70041CD5B /* JMFormsTests.swift in Sources */,
			);
			runOnlyForDeploymentPostprocessing = 0;
		};
/* End PBXSourcesBuildPhase section */

/* Begin PBXTargetDependency section */
		36CC7FEF24CC73F70041CD5B /* PBXTargetDependency */ = {
			isa = PBXTargetDependency;
			target = 36CC7FD624CC73F50041CD5B /* JMForms */;
			targetProxy = 36CC7FEE24CC73F70041CD5B /* PBXContainerItemProxy */;
		};
/* End PBXTargetDependency section */

/* Begin PBXVariantGroup section */
		36CC7FE524CC73F70041CD5B /* LaunchScreen.storyboard */ = {
			isa = PBXVariantGroup;
			children = (
				36CC7FE624CC73F70041CD5B /* Base */,
			);
			name = LaunchScreen.storyboard;
			sourceTree = "<group>";
		};
/* End PBXVariantGroup section */

/* Begin XCBuildConfiguration section */
		36CC7FF424CC73F70041CD5B /* Debug */ = {
			isa = XCBuildConfiguration;
			buildSettings = {
				ALWAYS_SEARCH_USER_PATHS = NO;
				CLANG_ANALYZER_NONNULL = YES;
				CLANG_ANALYZER_NUMBER_OBJECT_CONVERSION = YES_AGGRESSIVE;
				CLANG_CXX_LANGUAGE_STANDARD = "gnu++14";
				CLANG_CXX_LIBRARY = "libc++";
				CLANG_ENABLE_MODULES = YES;
				CLANG_ENABLE_OBJC_ARC = YES;
				CLANG_ENABLE_OBJC_WEAK = YES;
				CLANG_WARN_BLOCK_CAPTURE_AUTORELEASING = YES;
				CLANG_WARN_BOOL_CONVERSION = YES;
				CLANG_WARN_COMMA = YES;
				CLANG_WARN_CONSTANT_CONVERSION = YES;
				CLANG_WARN_DEPRECATED_OBJC_IMPLEMENTATIONS = YES;
				CLANG_WARN_DIRECT_OBJC_ISA_USAGE = YES_ERROR;
				CLANG_WARN_DOCUMENTATION_COMMENTS = YES;
				CLANG_WARN_EMPTY_BODY = YES;
				CLANG_WARN_ENUM_CONVERSION = YES;
				CLANG_WARN_INFINITE_RECURSION = YES;
				CLANG_WARN_INT_CONVERSION = YES;
				CLANG_WARN_NON_LITERAL_NULL_CONVERSION = YES;
				CLANG_WARN_OBJC_IMPLICIT_RETAIN_SELF = YES;
				CLANG_WARN_OBJC_LITERAL_CONVERSION = YES;
				CLANG_WARN_OBJC_ROOT_CLASS = YES_ERROR;
				CLANG_WARN_RANGE_LOOP_ANALYSIS = YES;
				CLANG_WARN_STRICT_PROTOTYPES = YES;
				CLANG_WARN_SUSPICIOUS_MOVE = YES;
				CLANG_WARN_UNGUARDED_AVAILABILITY = YES_AGGRESSIVE;
				CLANG_WARN_UNREACHABLE_CODE = YES;
				CLANG_WARN__DUPLICATE_METHOD_MATCH = YES;
				COPY_PHASE_STRIP = NO;
				DEBUG_INFORMATION_FORMAT = dwarf;
				ENABLE_STRICT_OBJC_MSGSEND = YES;
				ENABLE_TESTABILITY = YES;
				GCC_C_LANGUAGE_STANDARD = gnu11;
				GCC_DYNAMIC_NO_PIC = NO;
				GCC_NO_COMMON_BLOCKS = YES;
				GCC_OPTIMIZATION_LEVEL = 0;
				GCC_PREPROCESSOR_DEFINITIONS = (
					"DEBUG=1",
					"$(inherited)",
				);
				GCC_WARN_64_TO_32_BIT_CONVERSION = YES;
				GCC_WARN_ABOUT_RETURN_TYPE = YES_ERROR;
				GCC_WARN_UNDECLARED_SELECTOR = YES;
				GCC_WARN_UNINITIALIZED_AUTOS = YES_AGGRESSIVE;
				GCC_WARN_UNUSED_FUNCTION = YES;
				GCC_WARN_UNUSED_VARIABLE = YES;
				IPHONEOS_DEPLOYMENT_TARGET = 13.6;
				MTL_ENABLE_DEBUG_INFO = INCLUDE_SOURCE;
				MTL_FAST_MATH = YES;
				ONLY_ACTIVE_ARCH = YES;
				SDKROOT = iphoneos;
				SWIFT_ACTIVE_COMPILATION_CONDITIONS = DEBUG;
				SWIFT_OPTIMIZATION_LEVEL = "-Onone";
			};
			name = Debug;
		};
		36CC7FF524CC73F70041CD5B /* Release */ = {
			isa = XCBuildConfiguration;
			buildSettings = {
				ALWAYS_SEARCH_USER_PATHS = NO;
				CLANG_ANALYZER_NONNULL = YES;
				CLANG_ANALYZER_NUMBER_OBJECT_CONVERSION = YES_AGGRESSIVE;
				CLANG_CXX_LANGUAGE_STANDARD = "gnu++14";
				CLANG_CXX_LIBRARY = "libc++";
				CLANG_ENABLE_MODULES = YES;
				CLANG_ENABLE_OBJC_ARC = YES;
				CLANG_ENABLE_OBJC_WEAK = YES;
				CLANG_WARN_BLOCK_CAPTURE_AUTORELEASING = YES;
				CLANG_WARN_BOOL_CONVERSION = YES;
				CLANG_WARN_COMMA = YES;
				CLANG_WARN_CONSTANT_CONVERSION = YES;
				CLANG_WARN_DEPRECATED_OBJC_IMPLEMENTATIONS = YES;
				CLANG_WARN_DIRECT_OBJC_ISA_USAGE = YES_ERROR;
				CLANG_WARN_DOCUMENTATION_COMMENTS = YES;
				CLANG_WARN_EMPTY_BODY = YES;
				CLANG_WARN_ENUM_CONVERSION = YES;
				CLANG_WARN_INFINITE_RECURSION = YES;
				CLANG_WARN_INT_CONVERSION = YES;
				CLANG_WARN_NON_LITERAL_NULL_CONVERSION = YES;
				CLANG_WARN_OBJC_IMPLICIT_RETAIN_SELF = YES;
				CLANG_WARN_OBJC_LITERAL_CONVERSION = YES;
				CLANG_WARN_OBJC_ROOT_CLASS = YES_ERROR;
				CLANG_WARN_RANGE_LOOP_ANALYSIS = YES;
				CLANG_WARN_STRICT_PROTOTYPES = YES;
				CLANG_WARN_SUSPICIOUS_MOVE = YES;
				CLANG_WARN_UNGUARDED_AVAILABILITY = YES_AGGRESSIVE;
				CLANG_WARN_UNREACHABLE_CODE = YES;
				CLANG_WARN__DUPLICATE_METHOD_MATCH = YES;
				COPY_PHASE_STRIP = NO;
				DEBUG_INFORMATION_FORMAT = "dwarf-with-dsym";
				ENABLE_NS_ASSERTIONS = NO;
				ENABLE_STRICT_OBJC_MSGSEND = YES;
				GCC_C_LANGUAGE_STANDARD = gnu11;
				GCC_NO_COMMON_BLOCKS = YES;
				GCC_WARN_64_TO_32_BIT_CONVERSION = YES;
				GCC_WARN_ABOUT_RETURN_TYPE = YES_ERROR;
				GCC_WARN_UNDECLARED_SELECTOR = YES;
				GCC_WARN_UNINITIALIZED_AUTOS = YES_AGGRESSIVE;
				GCC_WARN_UNUSED_FUNCTION = YES;
				GCC_WARN_UNUSED_VARIABLE = YES;
				IPHONEOS_DEPLOYMENT_TARGET = 13.6;
				MTL_ENABLE_DEBUG_INFO = NO;
				MTL_FAST_MATH = YES;
				SDKROOT = iphoneos;
				SWIFT_COMPILATION_MODE = wholemodule;
				SWIFT_OPTIMIZATION_LEVEL = "-O";
				VALIDATE_PRODUCT = YES;
			};
			name = Release;
		};
		36CC7FF724CC73F70041CD5B /* Debug */ = {
			isa = XCBuildConfiguration;
			buildSettings = {
				ASSETCATALOG_COMPILER_APPICON_NAME = AppIcon;
				CODE_SIGN_STYLE = Automatic;
				DEVELOPMENT_ASSET_PATHS = "";
				DEVELOPMENT_TEAM = KFSTB47PLN;
				INFOPLIST_FILE = JMForms/Info.plist;
				IPHONEOS_DEPLOYMENT_TARGET = 13.0;
				LD_RUNPATH_SEARCH_PATHS = (
					"$(inherited)",
					"@executable_path/Frameworks",
				);
				PRODUCT_BUNDLE_IDENTIFIER = com.codement.JMForms;
				PRODUCT_NAME = "$(TARGET_NAME)";
				SWIFT_VERSION = 5.0;
				TARGETED_DEVICE_FAMILY = "1,2";
			};
			name = Debug;
		};
		36CC7FF824CC73F70041CD5B /* Release */ = {
			isa = XCBuildConfiguration;
			buildSettings = {
				ASSETCATALOG_COMPILER_APPICON_NAME = AppIcon;
				CODE_SIGN_STYLE = Automatic;
				DEVELOPMENT_ASSET_PATHS = "";
				DEVELOPMENT_TEAM = KFSTB47PLN;
				INFOPLIST_FILE = JMForms/Info.plist;
				IPHONEOS_DEPLOYMENT_TARGET = 13.0;
				LD_RUNPATH_SEARCH_PATHS = (
					"$(inherited)",
					"@executable_path/Frameworks",
				);
				PRODUCT_BUNDLE_IDENTIFIER = com.codement.JMForms;
				PRODUCT_NAME = "$(TARGET_NAME)";
				SWIFT_VERSION = 5.0;
				TARGETED_DEVICE_FAMILY = "1,2";
			};
			name = Release;
		};
		36CC7FFA24CC73F70041CD5B /* Debug */ = {
			isa = XCBuildConfiguration;
			buildSettings = {
				ALWAYS_EMBED_SWIFT_STANDARD_LIBRARIES = YES;
				BUNDLE_LOADER = "$(TEST_HOST)";
				CODE_SIGN_STYLE = Automatic;
				INFOPLIST_FILE = JMFormsTests/Info.plist;
				IPHONEOS_DEPLOYMENT_TARGET = 13.6;
				LD_RUNPATH_SEARCH_PATHS = (
					"$(inherited)",
					"@executable_path/Frameworks",
					"@loader_path/Frameworks",
				);
				PRODUCT_BUNDLE_IDENTIFIER = com.codement.JMFormsTests;
				PRODUCT_NAME = "$(TARGET_NAME)";
				SWIFT_VERSION = 5.0;
				TARGETED_DEVICE_FAMILY = "1,2";
				TEST_HOST = "$(BUILT_PRODUCTS_DIR)/JMForms.app/JMForms";
			};
			name = Debug;
		};
		36CC7FFB24CC73F70041CD5B /* Release */ = {
			isa = XCBuildConfiguration;
			buildSettings = {
				ALWAYS_EMBED_SWIFT_STANDARD_LIBRARIES = YES;
				BUNDLE_LOADER = "$(TEST_HOST)";
				CODE_SIGN_STYLE = Automatic;
				INFOPLIST_FILE = JMFormsTests/Info.plist;
				IPHONEOS_DEPLOYMENT_TARGET = 13.6;
				LD_RUNPATH_SEARCH_PATHS = (
					"$(inherited)",
					"@executable_path/Frameworks",
					"@loader_path/Frameworks",
				);
				PRODUCT_BUNDLE_IDENTIFIER = com.codement.JMFormsTests;
				PRODUCT_NAME = "$(TARGET_NAME)";
				SWIFT_VERSION = 5.0;
				TARGETED_DEVICE_FAMILY = "1,2";
				TEST_HOST = "$(BUILT_PRODUCTS_DIR)/JMForms.app/JMForms";
			};
			name = Release;
		};
/* End XCBuildConfiguration section */

/* Begin XCConfigurationList section */
		36CC7FD224CC73F50041CD5B /* Build configuration list for PBXProject "JMForms" */ = {
			isa = XCConfigurationList;
			buildConfigurations = (
				36CC7FF424CC73F70041CD5B /* Debug */,
				36CC7FF524CC73F70041CD5B /* Release */,
			);
			defaultConfigurationIsVisible = 0;
			defaultConfigurationName = Release;
		};
		36CC7FF624CC73F70041CD5B /* Build configuration list for PBXNativeTarget "JMForms" */ = {
			isa = XCConfigurationList;
			buildConfigurations = (
				36CC7FF724CC73F70041CD5B /* Debug */,
				36CC7FF824CC73F70041CD5B /* Release */,
			);
			defaultConfigurationIsVisible = 0;
			defaultConfigurationName = Release;
		};
		36CC7FF924CC73F70041CD5B /* Build configuration list for PBXNativeTarget "JMFormsTests" */ = {
			isa = XCConfigurationList;
			buildConfigurations = (
				36CC7FFA24CC73F70041CD5B /* Debug */,
				36CC7FFB24CC73F70041CD5B /* Release */,
			);
			defaultConfigurationIsVisible = 0;
			defaultConfigurationName = Release;
		};
/* End XCConfigurationList section */
	};
	rootObject = 36CC7FCF24CC73F50041CD5B /* Project object */;
}
